
Microsoft Visual Studio Solution File, Format Version 12.00
# Visual Studio Version 16
VisualStudioVersion = 16.0.29020.237
MinimumVisualStudioVersion = 10.0.40219.1
Project("{8BC9CEB8-8B4A-11D0-8D11-00A0C91BC942}") = "stock-ai", "stock-ai\stock-ai.vcxproj", "{429006CF-97AC-492F-96C2-9DB37717E1A5}"
EndProject
Global
	GlobalSection(SolutionConfigurationPlatforms) = preSolution
		Debug|x64 = Debug|x64
		Debug|x86 = Debug|x86
		Release|x64 = Release|x64
		Release|x86 = Release|x86
	EndGlobalSection
	GlobalSection(ProjectConfigurationPlatforms) = postSolution
		{429006CF-97AC-492F-96C2-9DB37717E1A5}.Debug|x64.ActiveCfg = Debug|x64
		{429006CF-97AC-492F-96C2-9DB37717E1A5}.Debug|x64.Build.0 = Debug|x64
		{429006CF-97AC-492F-96C2-9DB37717E1A5}.Debug|x86.ActiveCfg = Debug|Win32
		{429006CF-97AC-492F-96C2-9DB37717E1A5}.Debug|x86.Build.0 = Debug|Win32
		{429006CF-97AC-492F-96C2-9DB37717E1A5}.Release|x64.ActiveCfg = Release|x64
		{429006CF-97AC-492F-96C2-9DB37717E1A5}.Release|x64.Build.0 = Release|x64
		{429006CF-97AC-492F-96C2-9DB37717E1A5}.Release|x86.ActiveCfg = Release|Win32
		{429006CF-97AC-492F-96C2-9DB37717E1A5}.Release|x86.Build.0 = Release|Win32
	EndGlobalSection
	GlobalSection(SolutionProperties) = preSolution
		HideSolutionNode = FALSE
	EndGlobalSection
	GlobalSection(ExtensibilityGlobals) = postSolution
		SolutionGuid = {94857092-9F15-4E70-814B-94A056949663}
	EndGlobalSection
EndGlobal
